// !$*UTF8*$!
{
	archiveVersion = 1;
	classes = {
	};
	objectVersion = 77;
	objects = {

/* Begin PBXContainerItemProxy section */
		4291D91C2D0BBC3900A09ADA /* PBXContainerItemProxy */ = {
			isa = PBXContainerItemProxy;
			containerPortal = 4291D9012D0BBC3500A09ADA /* Project object */;
			proxyType = 1;
			remoteGlobalIDString = 4291D9082D0BBC3500A09ADA;
			remoteInfo = "invoice-ios";
		};
		4291D9262D0BBC3900A09ADA /* PBXContainerItemProxy */ = {
			isa = PBXContainerItemProxy;
			containerPortal = 4291D9012D0BBC3500A09ADA /* Project object */;
			proxyType = 1;
			remoteGlobalIDString = 4291D9082D0BBC3500A09ADA;
			remoteInfo = "invoice-ios";
		};
/* End PBXContainerItemProxy section */

/* Begin PBXFileReference section */
		4291D9092D0BBC3500A09ADA /* invoice-ios.app */ = {isa = PBXFileReference; explicitFileType = wrapper.application; includeInIndex = 0; path = "invoice-ios.app"; sourceTree = BUILT_PRODUCTS_DIR; };
		4291D91B2D0BBC3900A09ADA /* invoice-iosTests.xctest */ = {isa = PBXFileReference; explicitFileType = wrapper.cfbundle; includeInIndex = 0; path = "invoice-iosTests.xctest"; sourceTree = BUILT_PRODUCTS_DIR; };
		4291D9252D0BBC3900A09ADA /* invoice-iosUITests.xctest */ = {isa = PBXFileReference; explicitFileType = wrapper.cfbundle; includeInIndex = 0; path = "invoice-iosUITests.xctest"; sourceTree = BUILT_PRODUCTS_DIR; };
/* End PBXFileReference section */

/* Begin PBXFileSystemSynchronizedRootGroup section */
		4291D90B2D0BBC3500A09ADA /* invoice-ios */ = {
			isa = PBXFileSystemSynchronizedRootGroup;
			path = "invoice-ios";
			sourceTree = "<group>";
		};
		4291D91E2D0BBC3900A09ADA /* invoice-iosTests */ = {
			isa = PBXFileSystemSynchronizedRootGroup;
			path = "invoice-iosTests";
			sourceTree = "<group>";
		};
		4291D9282D0BBC3900A09ADA /* invoice-iosUITests */ = {
			isa = PBXFileSystemSynchronizedRootGroup;
			path = "invoice-iosUITests";
			sourceTree = "<group>";
		};
/* End PBXFileSystemSynchronizedRootGroup section */

/* Begin PBXFrameworksBuildPhase section */
		4291D9062D0BBC3500A09ADA /* Frameworks */ = {
			isa = PBXFrameworksBuildPhase;
			buildActionMask = 2147483647;
			files = (
			);
			runOnlyForDeploymentPostprocessing = 0;
		};
		4291D9182D0BBC3900A09ADA /* Frameworks */ = {
			isa = PBXFrameworksBuildPhase;
			buildActionMask = 2147483647;
			files = (
			);
			runOnlyForDeploymentPostprocessing = 0;
		};
		4291D9222D0BBC3900A09ADA /* Frameworks */ = {
			isa = PBXFrameworksBuildPhase;
			buildActionMask = 2147483647;
			files = (
			);
			runOnlyForDeploymentPostprocessing = 0;
		};
/* End PBXFrameworksBuildPhase section */

/* Begin PBXGroup section */
		4291D9002D0BBC3500A09ADA = {
			isa = PBXGroup;
			children = (
				4291D90B2D0BBC3500A09ADA /* invoice-ios */,
				4291D91E2D0BBC3900A09ADA /* invoice-iosTests */,
				4291D9282D0BBC3900A09ADA /* invoice-iosUITests */,
				4291D90A2D0BBC3500A09ADA /* Products */,
			);
			sourceTree = "<group>";
		};
		4291D90A2D0BBC3500A09ADA /* Products */ = {
			isa = PBXGroup;
			children = (
				4291D9092D0BBC3500A09ADA /* invoice-ios.app */,
				4291D91B2D0BBC3900A09ADA /* invoice-iosTests.xctest */,
				4291D9252D0BBC3900A09ADA /* invoice-iosUITests.xctest */,
			);
			name = Products;
			sourceTree = "<group>";
		};
/* End PBXGroup section */

/* Begin PBXNativeTarget section */
		4291D9082D0BBC3500A09ADA /* invoice-ios */ = {
			isa = PBXNativeTarget;
			buildConfigurationList = 4291D92F2D0BBC3900A09ADA /* Build configuration list for PBXNativeTarget "invoice-ios" */;
			buildPhases = (
				4291D9052D0BBC3500A09ADA /* Sources */,
				4291D9062D0BBC3500A09ADA /* Frameworks */,
				4291D9072D0BBC3500A09ADA /* Resources */,
			);
			buildRules = (
			);
			dependencies = (
			);
			fileSystemSynchronizedGroups = (
				4291D90B2D0BBC3500A09ADA /* invoice-ios */,
			);
			name = "invoice-ios";
			packageProductDependencies = (
			);
			productName = "invoice-ios";
			productReference = 4291D9092D0BBC3500A09ADA /* invoice-ios.app */;
			productType = "com.apple.product-type.application";
		};
		4291D91A2D0BBC3900A09ADA /* invoice-iosTests */ = {
			isa = PBXNativeTarget;
			buildConfigurationList = 4291D9322D0BBC3900A09ADA /* Build configuration list for PBXNativeTarget "invoice-iosTests" */;
			buildPhases = (
				4291D9172D0BBC3900A09ADA /* Sources */,
				4291D9182D0BBC3900A09ADA /* Frameworks */,
				4291D9192D0BBC3900A09ADA /* Resources */,
			);
			buildRules = (
			);
			dependencies = (
				4291D91D2D0BBC3900A09ADA /* PBXTargetDependency */,
			);
			fileSystemSynchronizedGroups = (
				4291D91E2D0BBC3900A09ADA /* invoice-iosTests */,
			);
			name = "invoice-iosTests";
			packageProductDependencies = (
			);
			productName = "invoice-iosTests";
			productReference = 4291D91B2D0BBC3900A09ADA /* invoice-iosTests.xctest */;
			productType = "com.apple.product-type.bundle.unit-test";
		};
		4291D9242D0BBC3900A09ADA /* invoice-iosUITests */ = {
			isa = PBXNativeTarget;
			buildConfigurationList = 4291D9352D0BBC3900A09ADA /* Build configuration list for PBXNativeTarget "invoice-iosUITests" */;
			buildPhases = (
				4291D9212D0BBC3900A09ADA /* Sources */,
				4291D9222D0BBC3900A09ADA /* Frameworks */,
				4291D9232D0BBC3900A09ADA /* Resources */,
			);
			buildRules = (
			);
			dependencies = (
				4291D9272D0BBC3900A09ADA /* PBXTargetDependency */,
			);
			fileSystemSynchronizedGroups = (
				4291D9282D0BBC3900A09ADA /* invoice-iosUITests */,
			);
			name = "invoice-iosUITests";
			packageProductDependencies = (
			);
			productName = "invoice-iosUITests";
			productReference = 4291D9252D0BBC3900A09ADA /* invoice-iosUITests.xctest */;
			productType = "com.apple.product-type.bundle.ui-testing";
		};
/* End PBXNativeTarget section */

/* Begin PBXProject section */
		4291D9012D0BBC3500A09ADA /* Project object */ = {
			isa = PBXProject;
			attributes = {
				BuildIndependentTargetsInParallel = 1;
				LastSwiftUpdateCheck = 1610;
				LastUpgradeCheck = 1610;
				TargetAttributes = {
					4291D9082D0BBC3500A09ADA = {
						CreatedOnToolsVersion = 16.1;
					};
					4291D91A2D0BBC3900A09ADA = {
						CreatedOnToolsVersion = 16.1;
						TestTargetID = 4291D9082D0BBC3500A09ADA;
					};
					4291D9242D0BBC3900A09ADA = {
						CreatedOnToolsVersion = 16.1;
						TestTargetID = 4291D9082D0BBC3500A09ADA;
					};
				};
			};
			buildConfigurationList = 4291D9042D0BBC3500A09ADA /* Build configuration list for PBXProject "invoice-ios" */;
			developmentRegion = "zh-Hant";
			hasScannedForEncodings = 0;
			knownRegions = (
				Base,
				"zh-Hant",
			);
			mainGroup = 4291D9002D0BBC3500A09ADA;
			minimizedProjectReferenceProxies = 1;
			preferredProjectObjectVersion = 77;
			productRefGroup = 4291D90A2D0BBC3500A09ADA /* Products */;
			projectDirPath = "";
			projectRoot = "";
			targets = (
				4291D9082D0BBC3500A09ADA /* invoice-ios */,
				4291D91A2D0BBC3900A09ADA /* invoice-iosTests */,
				4291D9242D0BBC3900A09ADA /* invoice-iosUITests */,
			);
		};
/* End PBXProject section */

/* Begin PBXResourcesBuildPhase section */
		4291D9072D0BBC3500A09ADA /* Resources */ = {
			isa = PBXResourcesBuildPhase;
			buildActionMask = 2147483647;
			files = (
			);
			runOnlyForDeploymentPostprocessing = 0;
		};
		4291D9192D0BBC3900A09ADA /* Resources */ = {
			isa = PBXResourcesBuildPhase;
			buildActionMask = 2147483647;
			files = (
			);
			runOnlyForDeploymentPostprocessing = 0;
		};
		4291D9232D0BBC3900A09ADA /* Resources */ = {
			isa = PBXResourcesBuildPhase;
			buildActionMask = 2147483647;
			files = (
			);
			runOnlyForDeploymentPostprocessing = 0;
		};
/* End PBXResourcesBuildPhase section */

/* Begin PBXSourcesBuildPhase section */
		4291D9052D0BBC3500A09ADA /* Sources */ = {
			isa = PBXSourcesBuildPhase;
			buildActionMask = 2147483647;
			files = (
			);
			runOnlyForDeploymentPostprocessing = 0;
		};
		4291D9172D0BBC3900A09ADA /* Sources */ = {
			isa = PBXSourcesBuildPhase;
			buildActionMask = 2147483647;
			files = (
			);
			runOnlyForDeploymentPostprocessing = 0;
		};
		4291D9212D0BBC3900A09ADA /* Sources */ = {
			isa = PBXSourcesBuildPhase;
			buildActionMask = 2147483647;
			files = (
			);
			runOnlyForDeploymentPostprocessing = 0;
		};
/* End PBXSourcesBuildPhase section */

/* Begin PBXTargetDependency section */
		4291D91D2D0BBC3900A09ADA /* PBXTargetDependency */ = {
			isa = PBXTargetDependency;
			target = 4291D9082D0BBC3500A09ADA /* invoice-ios */;
			targetProxy = 4291D91C2D0BBC3900A09ADA /* PBXContainerItemProxy */;
		};
		4291D9272D0BBC3900A09ADA /* PBXTargetDependency */ = {
			isa = PBXTargetDependency;
			target = 4291D9082D0BBC3500A09ADA /* invoice-ios */;
			targetProxy = 4291D9262D0BBC3900A09ADA /* PBXContainerItemProxy */;
		};
/* End PBXTargetDependency section */

/* Begin XCBuildConfiguration section */
		4291D92D2D0BBC3900A09ADA /* Debug */ = {
			isa = XCBuildConfiguration;
			buildSettings = {
				ALWAYS_SEARCH_USER_PATHS = NO;
				ASSETCATALOG_COMPILER_GENERATE_SWIFT_ASSET_SYMBOL_EXTENSIONS = YES;
				CLANG_ANALYZER_NONNULL = YES;
				CLANG_ANALYZER_NUMBER_OBJECT_CONVERSION = YES_AGGRESSIVE;
				CLANG_CXX_LANGUAGE_STANDARD = "gnu++20";
				CLANG_ENABLE_MODULES = YES;
				CLANG_ENABLE_OBJC_ARC = YES;
				CLANG_ENABLE_OBJC_WEAK = YES;
				CLANG_WARN_BLOCK_CAPTURE_AUTORELEASING = YES;
				CLANG_WARN_BOOL_CONVERSION = YES;
				CLANG_WARN_COMMA = YES;
				CLANG_WARN_CONSTANT_CONVERSION = YES;
				CLANG_WARN_DEPRECATED_OBJC_IMPLEMENTATIONS = YES;
				CLANG_WARN_DIRECT_OBJC_ISA_USAGE = YES_ERROR;
				CLANG_WARN_DOCUMENTATION_COMMENTS = YES;
				CLANG_WARN_EMPTY_BODY = YES;
				CLANG_WARN_ENUM_CONVERSION = YES;
				CLANG_WARN_INFINITE_RECURSION = YES;
				CLANG_WARN_INT_CONVERSION = YES;
				CLANG_WARN_NON_LITERAL_NULL_CONVERSION = YES;
				CLANG_WARN_OBJC_IMPLICIT_RETAIN_SELF = YES;
				CLANG_WARN_OBJC_LITERAL_CONVERSION = YES;
				CLANG_WARN_OBJC_ROOT_CLASS = YES_ERROR;
				CLANG_WARN_QUOTED_INCLUDE_IN_FRAMEWORK_HEADER = YES;
				CLANG_WARN_RANGE_LOOP_ANALYSIS = YES;
				CLANG_WARN_STRICT_PROTOTYPES = YES;
				CLANG_WARN_SUSPICIOUS_MOVE = YES;
				CLANG_WARN_UNGUARDED_AVAILABILITY = YES_AGGRESSIVE;
				CLANG_WARN_UNREACHABLE_CODE = YES;
				CLANG_WARN__DUPLICATE_METHOD_MATCH = YES;
				COPY_PHASE_STRIP = NO;
				DEBUG_INFORMATION_FORMAT = dwarf;
				ENABLE_STRICT_OBJC_MSGSEND = YES;
				ENABLE_TESTABILITY = YES;
				ENABLE_USER_SCRIPT_SANDBOXING = YES;
				GCC_C_LANGUAGE_STANDARD = gnu17;
				GCC_DYNAMIC_NO_PIC = NO;
				GCC_NO_COMMON_BLOCKS = YES;
				GCC_OPTIMIZATION_LEVEL = 0;
				GCC_PREPROCESSOR_DEFINITIONS = (
					"DEBUG=1",
					"$(inherited)",
				);
				GCC_WARN_64_TO_32_BIT_CONVERSION = YES;
				GCC_WARN_ABOUT_RETURN_TYPE = YES_ERROR;
				GCC_WARN_UNDECLARED_SELECTOR = YES;
				GCC_WARN_UNINITIALIZED_AUTOS = YES_AGGRESSIVE;
				GCC_WARN_UNUSED_FUNCTION = YES;
				GCC_WARN_UNUSED_VARIABLE = YES;
				IPHONEOS_DEPLOYMENT_TARGET = 18.1;
				LOCALIZATION_PREFERS_STRING_CATALOGS = YES;
				MTL_ENABLE_DEBUG_INFO = INCLUDE_SOURCE;
				MTL_FAST_MATH = YES;
				ONLY_ACTIVE_ARCH = YES;
				SDKROOT = iphoneos;
				SWIFT_ACTIVE_COMPILATION_CONDITIONS = "DEBUG $(inherited)";
				SWIFT_OPTIMIZATION_LEVEL = "-Onone";
			};
			name = Debug;
		};
		4291D92E2D0BBC3900A09ADA /* Release */ = {
			isa = XCBuildConfiguration;
			buildSettings = {
				ALWAYS_SEARCH_USER_PATHS = NO;
				ASSETCATALOG_COMPILER_GENERATE_SWIFT_ASSET_SYMBOL_EXTENSIONS = YES;
				CLANG_ANALYZER_NONNULL = YES;
				CLANG_ANALYZER_NUMBER_OBJECT_CONVERSION = YES_AGGRESSIVE;
				CLANG_CXX_LANGUAGE_STANDARD = "gnu++20";
				CLANG_ENABLE_MODULES = YES;
				CLANG_ENABLE_OBJC_ARC = YES;
				CLANG_ENABLE_OBJC_WEAK = YES;
				CLANG_WARN_BLOCK_CAPTURE_AUTORELEASING = YES;
				CLANG_WARN_BOOL_CONVERSION = YES;
				CLANG_WARN_COMMA = YES;
				CLANG_WARN_CONSTANT_CONVERSION = YES;
				CLANG_WARN_DEPRECATED_OBJC_IMPLEMENTATIONS = YES;
				CLANG_WARN_DIRECT_OBJC_ISA_USAGE = YES_ERROR;
				CLANG_WARN_DOCUMENTATION_COMMENTS = YES;
				CLANG_WARN_EMPTY_BODY = YES;
				CLANG_WARN_ENUM_CONVERSION = YES;
				CLANG_WARN_INFINITE_RECURSION = YES;
				CLANG_WARN_INT_CONVERSION = YES;
				CLANG_WARN_NON_LITERAL_NULL_CONVERSION = YES;
				CLANG_WARN_OBJC_IMPLICIT_RETAIN_SELF = YES;
				CLANG_WARN_OBJC_LITERAL_CONVERSION = YES;
				CLANG_WARN_OBJC_ROOT_CLASS = YES_ERROR;
				CLANG_WARN_QUOTED_INCLUDE_IN_FRAMEWORK_HEADER = YES;
				CLANG_WARN_RANGE_LOOP_ANALYSIS = YES;
				CLANG_WARN_STRICT_PROTOTYPES = YES;
				CLANG_WARN_SUSPICIOUS_MOVE = YES;
				CLANG_WARN_UNGUARDED_AVAILABILITY = YES_AGGRESSIVE;
				CLANG_WARN_UNREACHABLE_CODE = YES;
				CLANG_WARN__DUPLICATE_METHOD_MATCH = YES;
				COPY_PHASE_STRIP = NO;
				DEBUG_INFORMATION_FORMAT = "dwarf-with-dsym";
				ENABLE_NS_ASSERTIONS = NO;
				ENABLE_STRICT_OBJC_MSGSEND = YES;
				ENABLE_USER_SCRIPT_SANDBOXING = YES;
				GCC_C_LANGUAGE_STANDARD = gnu17;
				GCC_NO_COMMON_BLOCKS = YES;
				GCC_WARN_64_TO_32_BIT_CONVERSION = YES;
				GCC_WARN_ABOUT_RETURN_TYPE = YES_ERROR;
				GCC_WARN_UNDECLARED_SELECTOR = YES;
				GCC_WARN_UNINITIALIZED_AUTOS = YES_AGGRESSIVE;
				GCC_WARN_UNUSED_FUNCTION = YES;
				GCC_WARN_UNUSED_VARIABLE = YES;
				IPHONEOS_DEPLOYMENT_TARGET = 18.1;
				LOCALIZATION_PREFERS_STRING_CATALOGS = YES;
				MTL_ENABLE_DEBUG_INFO = NO;
				MTL_FAST_MATH = YES;
				SDKROOT = iphoneos;
				SWIFT_COMPILATION_MODE = wholemodule;
				VALIDATE_PRODUCT = YES;
			};
			name = Release;
		};
		4291D9302D0BBC3900A09ADA /* Debug */ = {
			isa = XCBuildConfiguration;
			buildSettings = {
				ASSETCATALOG_COMPILER_APPICON_NAME = AppIcon;
				ASSETCATALOG_COMPILER_GLOBAL_ACCENT_COLOR_NAME = AccentColor;
				CODE_SIGN_STYLE = Automatic;
				CURRENT_PROJECT_VERSION = 1;
				DEVELOPMENT_ASSET_PATHS = "\"invoice-ios/Preview Content\"";
				DEVELOPMENT_TEAM = Q3FQF234WG;
				ENABLE_PREVIEWS = YES;
				GENERATE_INFOPLIST_FILE = YES;
				INFOPLIST_KEY_UIApplicationSceneManifest_Generation = YES;
				INFOPLIST_KEY_UIApplicationSupportsIndirectInputEvents = YES;
				INFOPLIST_KEY_UILaunchScreen_Generation = YES;
				INFOPLIST_KEY_UISupportedInterfaceOrientations = UIInterfaceOrientationPortrait;
				INFOPLIST_KEY_UISupportedInterfaceOrientations_iPad = "UIInterfaceOrientationLandscapeLeft UIInterfaceOrientationLandscapeRight UIInterfaceOrientationPortrait UIInterfaceOrientationPortraitUpsideDown";
				IPHONEOS_DEPLOYMENT_TARGET = 18.0;
				LD_RUNPATH_SEARCH_PATHS = (
					"$(inherited)",
					"@executable_path/Frameworks",
				);
				MARKETING_VERSION = 1.0;
				PRODUCT_BUNDLE_IDENTIFIER = "com.shenglong.invoice-ios";
				PRODUCT_NAME = "$(TARGET_NAME)";
				SUPPORTED_PLATFORMS = "iphoneos iphonesimulator";
				SUPPORTS_MACCATALYST = NO;
				SWIFT_EMIT_LOC_STRINGS = YES;
				SWIFT_VERSION = 5.0;
				TARGETED_DEVICE_FAMILY = 1;
			};
			name = Debug;
		};
		4291D9312D0BBC3900A09ADA /* Release */ = {
			isa = XCBuildConfiguration;
			buildSettings = {
				ASSETCATALOG_COMPILER_APPICON_NAME = AppIcon;
				ASSETCATALOG_COMPILER_GLOBAL_ACCENT_COLOR_NAME = AccentColor;
				CODE_SIGN_STYLE = Automatic;
				CURRENT_PROJECT_VERSION = 1;
				DEVELOPMENT_ASSET_PATHS = "\"invoice-ios/Preview Content\"";
				DEVELOPMENT_TEAM = Q3FQF234WG;
				ENABLE_PREVIEWS = YES;
				GENERATE_INFOPLIST_FILE = YES;
				INFOPLIST_KEY_UIApplicationSceneManifest_Generation = YES;
				INFOPLIST_KEY_UIApplicationSupportsIndirectInputEvents = YES;
				INFOPLIST_KEY_UILaunchScreen_Generation = YES;
				INFOPLIST_KEY_UISupportedInterfaceOrientations = UIInterfaceOrientationPortrait;
				INFOPLIST_KEY_UISupportedInterfaceOrientations_iPad = "UIInterfaceOrientationLandscapeLeft UIInterfaceOrientationLandscapeRight UIInterfaceOrientationPortrait UIInterfaceOrientationPortraitUpsideDown";
				IPHONEOS_DEPLOYMENT_TARGET = 18.0;
				LD_RUNPATH_SEARCH_PATHS = (
					"$(inherited)",
					"@executable_path/Frameworks",
				);
				MARKETING_VERSION = 1.0;
				PRODUCT_BUNDLE_IDENTIFIER = "com.shenglong.invoice-ios";
				PRODUCT_NAME = "$(TARGET_NAME)";
				SUPPORTED_PLATFORMS = "iphoneos iphonesimulator";
				SUPPORTS_MACCATALYST = NO;
				SWIFT_EMIT_LOC_STRINGS = YES;
				SWIFT_VERSION = 5.0;
				TARGETED_DEVICE_FAMILY = 1;
			};
			name = Release;
		};
		4291D9332D0BBC3900A09ADA /* Debug */ = {
			isa = XCBuildConfiguration;
			buildSettings = {
				BUNDLE_LOADER = "$(TEST_HOST)";
				CODE_SIGN_STYLE = Automatic;
				CURRENT_PROJECT_VERSION = 1;
				DEVELOPMENT_TEAM = Q3FQF234WG;
				GENERATE_INFOPLIST_FILE = YES;
				IPHONEOS_DEPLOYMENT_TARGET = 18.0;
				MARKETING_VERSION = 1.0;
				PRODUCT_BUNDLE_IDENTIFIER = "com.shenglong.invoice-iosTests";
				PRODUCT_NAME = "$(TARGET_NAME)";
				SUPPORTED_PLATFORMS = "iphoneos iphonesimulator";
				SUPPORTS_MACCATALYST = NO;
				SWIFT_EMIT_LOC_STRINGS = NO;
				SWIFT_VERSION = 5.0;
				TARGETED_DEVICE_FAMILY = 1;
				TEST_HOST = "$(BUILT_PRODUCTS_DIR)/invoice-ios.app/$(BUNDLE_EXECUTABLE_FOLDER_PATH)/invoice-ios";
			};
			name = Debug;
		};
		4291D9342D0BBC3900A09ADA /* Release */ = {
			isa = XCBuildConfiguration;
			buildSettings = {
				BUNDLE_LOADER = "$(TEST_HOST)";
				CODE_SIGN_STYLE = Automatic;
				CURRENT_PROJECT_VERSION = 1;
				DEVELOPMENT_TEAM = Q3FQF234WG;
				GENERATE_INFOPLIST_FILE = YES;
				IPHONEOS_DEPLOYMENT_TARGET = 18.0;
				MARKETING_VERSION = 1.0;
				PRODUCT_BUNDLE_IDENTIFIER = "com.shenglong.invoice-iosTests";
				PRODUCT_NAME = "$(TARGET_NAME)";
				SUPPORTED_PLATFORMS = "iphoneos iphonesimulator";
				SUPPORTS_MACCATALYST = NO;
				SWIFT_EMIT_LOC_STRINGS = NO;
				SWIFT_VERSION = 5.0;
				TARGETED_DEVICE_FAMILY = 1;
				TEST_HOST = "$(BUILT_PRODUCTS_DIR)/invoice-ios.app/$(BUNDLE_EXECUTABLE_FOLDER_PATH)/invoice-ios";
			};
			name = Release;
		};
		4291D9362D0BBC3900A09ADA /* Debug */ = {
			isa = XCBuildConfiguration;
			buildSettings = {
				CODE_SIGN_STYLE = Automatic;
				CURRENT_PROJECT_VERSION = 1;
				DEVELOPMENT_TEAM = Q3FQF234WG;
				GENERATE_INFOPLIST_FILE = YES;
				IPHONEOS_DEPLOYMENT_TARGET = 18.0;
				MARKETING_VERSION = 1.0;
				PRODUCT_BUNDLE_IDENTIFIER = "com.shenglong.invoice-iosUITests";
				PRODUCT_NAME = "$(TARGET_NAME)";
				SUPPORTED_PLATFORMS = "iphoneos iphonesimulator";
				SUPPORTS_MACCATALYST = NO;
				SWIFT_EMIT_LOC_STRINGS = NO;
				SWIFT_VERSION = 5.0;
				TARGETED_DEVICE_FAMILY = 1;
				TEST_TARGET_NAME = "invoice-ios";
			};
			name = Debug;
		};
		4291D9372D0BBC3900A09ADA /* Release */ = {
			isa = XCBuildConfiguration;
			buildSettings = {
				CODE_SIGN_STYLE = Automatic;
				CURRENT_PROJECT_VERSION = 1;
				DEVELOPMENT_TEAM = Q3FQF234WG;
				GENERATE_INFOPLIST_FILE = YES;
				IPHONEOS_DEPLOYMENT_TARGET = 18.0;
				MARKETING_VERSION = 1.0;
				PRODUCT_BUNDLE_IDENTIFIER = "com.shenglong.invoice-iosUITests";
				PRODUCT_NAME = "$(TARGET_NAME)";
				SUPPORTED_PLATFORMS = "iphoneos iphonesimulator";
				SUPPORTS_MACCATALYST = NO;
				SWIFT_EMIT_LOC_STRINGS = NO;
				SWIFT_VERSION = 5.0;
				TARGETED_DEVICE_FAMILY = 1;
				TEST_TARGET_NAME = "invoice-ios";
			};
			name = Release;
		};
/* End XCBuildConfiguration section */

/* Begin XCConfigurationList section */
		4291D9042D0BBC3500A09ADA /* Build configuration list for PBXProject "invoice-ios" */ = {
			isa = XCConfigurationList;
			buildConfigurations = (
				4291D92D2D0BBC3900A09ADA /* Debug */,
				4291D92E2D0BBC3900A09ADA /* Release */,
			);
			defaultConfigurationIsVisible = 0;
			defaultConfigurationName = Release;
		};
		4291D92F2D0BBC3900A09ADA /* Build configuration list for PBXNativeTarget "invoice-ios" */ = {
			isa = XCConfigurationList;
			buildConfigurations = (
				4291D9302D0BBC3900A09ADA /* Debug */,
				4291D9312D0BBC3900A09ADA /* Release */,
			);
			defaultConfigurationIsVisible = 0;
			defaultConfigurationName = Release;
		};
		4291D9322D0BBC3900A09ADA /* Build configuration list for PBXNativeTarget "invoice-iosTests" */ = {
			isa = XCConfigurationList;
			buildConfigurations = (
				4291D9332D0BBC3900A09ADA /* Debug */,
				4291D9342D0BBC3900A09ADA /* Release */,
			);
			defaultConfigurationIsVisible = 0;
			defaultConfigurationName = Release;
		};
		4291D9352D0BBC3900A09ADA /* Build configuration list for PBXNativeTarget "invoice-iosUITests" */ = {
			isa = XCConfigurationList;
			buildConfigurations = (
				4291D9362D0BBC3900A09ADA /* Debug */,
				4291D9372D0BBC3900A09ADA /* Release */,
			);
			defaultConfigurationIsVisible = 0;
			defaultConfigurationName = Release;
		};
/* End XCConfigurationList section */
	};
	rootObject = 4291D9012D0BBC3500A09ADA /* Project object */;
}
